
Microsoft Visual Studio Solution File, Format Version 12.00
# Visual Studio Version 16
VisualStudioVersion = 16.0.33214.272
MinimumVisualStudioVersion = 10.0.40219.1
Project("{FAE04EC0-301F-11D3-BF4B-00C04F79EFBC}") = "Foodive", "Foodive\Foodive.csproj", "{434C8AF1-4F72-4BB6-9A38-596F80B7E730}"
EndProject
Global
	GlobalSection(SolutionConfigurationPlatforms) = preSolution
		Debug|Any CPU = Debug|Any CPU
		Release|Any CPU = Release|Any CPU
	EndGlobalSection
	GlobalSection(ProjectConfigurationPlatforms) = postSolution
		{434C8AF1-4F72-4BB6-9A38-596F80B7E730}.Debug|Any CPU.ActiveCfg = Debug|Any CPU
		{434C8AF1-4F72-4BB6-9A38-596F80B7E730}.Debug|Any CPU.Build.0 = Debug|Any CPU
		{434C8AF1-4F72-4BB6-9A38-596F80B7E730}.Release|Any CPU.ActiveCfg = Release|Any CPU
		{434C8AF1-4F72-4BB6-9A38-596F80B7E730}.Release|Any CPU.Build.0 = Release|Any CPU
	EndGlobalSection
	GlobalSection(SolutionProperties) = preSolution
		HideSolutionNode = FALSE
	EndGlobalSection
	GlobalSection(ExtensibilityGlobals) = postSolution
		SolutionGuid = {A6E2C6CB-7647-492F-A4D8-D5BB2D30D6D4}
	EndGlobalSection
EndGlobal
